
Microsoft Visual Studio Solution File, Format Version 12.00
# Visual Studio Version 17
VisualStudioVersion = 17.5.33424.131
MinimumVisualStudioVersion = 10.0.40219.1
Project("{9A19103F-16F7-4668-BE54-9A1E7A4F7556}") = "JobCrawler", "JobCrawler.csproj", "{C00C1106-BA88-473C-9013-F5A5EA14B3F3}"
EndProject
Project("{00D1A9C2-B5F0-4AF3-8072-F6C62B433612}") = "JobsDb", "..\JobsDb\JobsDb.sqlproj", "{8908E2E1-34E9-4F87-8D54-EE4B19F487DC}"
EndProject
Project("{FAE04EC0-301F-11D3-BF4B-00C04F79EFBC}") = "DataAccess", "..\DataAccess\DataAccess.csproj", "{E0CE6D25-50C0-4789-B45C-4808181518EF}"
EndProject
Project("{2150E333-8FDC-42A3-9474-1A3956D46DE8}") = "Solution Items", "Solution Items", "{546F426D-A84C-4E5F-B80A-75F96A8CA588}"
	ProjectSection(SolutionItems) = preProject
		.editorconfig = .editorconfig
	EndProjectSection
EndProject
Global
	GlobalSection(SolutionConfigurationPlatforms) = preSolution
		Debug|Any CPU = Debug|Any CPU
		Release|Any CPU = Release|Any CPU
	EndGlobalSection
	GlobalSection(ProjectConfigurationPlatforms) = postSolution
		{C00C1106-BA88-473C-9013-F5A5EA14B3F3}.Debug|Any CPU.ActiveCfg = Debug|Any CPU
		{C00C1106-BA88-473C-9013-F5A5EA14B3F3}.Debug|Any CPU.Build.0 = Debug|Any CPU
		{C00C1106-BA88-473C-9013-F5A5EA14B3F3}.Release|Any CPU.ActiveCfg = Release|Any CPU
		{C00C1106-BA88-473C-9013-F5A5EA14B3F3}.Release|Any CPU.Build.0 = Release|Any CPU
		{8908E2E1-34E9-4F87-8D54-EE4B19F487DC}.Debug|Any CPU.ActiveCfg = Debug|Any CPU
		{8908E2E1-34E9-4F87-8D54-EE4B19F487DC}.Debug|Any CPU.Build.0 = Debug|Any CPU
		{8908E2E1-34E9-4F87-8D54-EE4B19F487DC}.Debug|Any CPU.Deploy.0 = Debug|Any CPU
		{8908E2E1-34E9-4F87-8D54-EE4B19F487DC}.Release|Any CPU.ActiveCfg = Release|Any CPU
		{8908E2E1-34E9-4F87-8D54-EE4B19F487DC}.Release|Any CPU.Build.0 = Release|Any CPU
		{8908E2E1-34E9-4F87-8D54-EE4B19F487DC}.Release|Any CPU.Deploy.0 = Release|Any CPU
		{E0CE6D25-50C0-4789-B45C-4808181518EF}.Debug|Any CPU.ActiveCfg = Debug|Any CPU
		{E0CE6D25-50C0-4789-B45C-4808181518EF}.Debug|Any CPU.Build.0 = Debug|Any CPU
		{E0CE6D25-50C0-4789-B45C-4808181518EF}.Release|Any CPU.ActiveCfg = Release|Any CPU
		{E0CE6D25-50C0-4789-B45C-4808181518EF}.Release|Any CPU.Build.0 = Release|Any CPU
	EndGlobalSection
	GlobalSection(SolutionProperties) = preSolution
		HideSolutionNode = FALSE
	EndGlobalSection
	GlobalSection(ExtensibilityGlobals) = postSolution
		SolutionGuid = {0986CB10-0C2F-4FE1-8125-3E1551059908}
	EndGlobalSection
EndGlobal
